// !$*UTF8*$!
{
	archiveVersion = 1;
	classes = {
	};
	objectVersion = 51;
	objects = {

/* Begin PBXBuildFile section */
		460877CBF664C0D57C666C7C /* Pods_UWParking.framework in Frameworks */ = {isa = PBXBuildFile; fileRef = 5F96F45C25BE606E11538A6D /* Pods_UWParking.framework */; };
		F53434FF22B0D55D00B463B7 /* LotLocation.swift in Sources */ = {isa = PBXBuildFile; fileRef = F53434FB22B0D55D00B463B7 /* LotLocation.swift */; };
		F534350022B0D55D00B463B7 /* LotLocation.plist in Resources */ = {isa = PBXBuildFile; fileRef = F53434FE22B0D55D00B463B7 /* LotLocation.plist */; };
		F534350422B1F45600B463B7 /* LotViews.swift in Sources */ = {isa = PBXBuildFile; fileRef = F534350322B1F45600B463B7 /* LotViews.swift */; };
		F534E18022AF40EA002BF9FE /* WatSwift.framework in Embed Frameworks */ = {isa = PBXBuildFile; fileRef = F5D9B64322AF3FE8003ED367 /* WatSwift.framework */; settings = {ATTRIBUTES = (CodeSignOnCopy, RemoveHeadersOnCopy, ); }; };
		F5654E7E22ADFAD500911350 /* MyMapViewController.swift in Sources */ = {isa = PBXBuildFile; fileRef = F5654E7D22ADFAD500911350 /* MyMapViewController.swift */; };
		F56EF13B22A4F4400020114C /* AppDelegate.swift in Sources */ = {isa = PBXBuildFile; fileRef = F56EF13A22A4F4400020114C /* AppDelegate.swift */; };
		F56EF13D22A4F4400020114C /* ViewController.swift in Sources */ = {isa = PBXBuildFile; fileRef = F56EF13C22A4F4400020114C /* ViewController.swift */; };
		F56EF14022A4F4400020114C /* Main.storyboard in Resources */ = {isa = PBXBuildFile; fileRef = F56EF13E22A4F4400020114C /* Main.storyboard */; };
		F56EF14222A4F4410020114C /* Assets.xcassets in Resources */ = {isa = PBXBuildFile; fileRef = F56EF14122A4F4410020114C /* Assets.xcassets */; };
		F56EF14522A4F4410020114C /* LaunchScreen.storyboard in Resources */ = {isa = PBXBuildFile; fileRef = F56EF14322A4F4410020114C /* LaunchScreen.storyboard */; };
		F5BA964422A766E800B69732 /* MyTabBarController.swift in Sources */ = {isa = PBXBuildFile; fileRef = F5BA964322A766E800B69732 /* MyTabBarController.swift */; };
		F5BA964722A76DF800B69732 /* MyListViewController.swift in Sources */ = {isa = PBXBuildFile; fileRef = F5BA964622A76DF800B69732 /* MyListViewController.swift */; };
		F5BADB0322A7BDA600F30236 /* MyHomeViewController.swift in Sources */ = {isa = PBXBuildFile; fileRef = F5BADB0122A7BDA600F30236 /* MyHomeViewController.swift */; };
		F5BC053122B3A62000A50578 /* MyTableViewCell.swift in Sources */ = {isa = PBXBuildFile; fileRef = F5BC052F22B3A62000A50578 /* MyTableViewCell.swift */; };
		F5BC053222B3A62000A50578 /* MyTableViewCell.xib in Resources */ = {isa = PBXBuildFile; fileRef = F5BC053022B3A62000A50578 /* MyTableViewCell.xib */; };
		F5C1FFDC22AE153A0050AA51 /* MapKit.framework in Frameworks */ = {isa = PBXBuildFile; fileRef = F5C1FFDB22AE15390050AA51 /* MapKit.framework */; };
		F5C1FFDE22AE190D0050AA51 /* CoreLocation.framework in Frameworks */ = {isa = PBXBuildFile; fileRef = F5C1FFDD22AE190D0050AA51 /* CoreLocation.framework */; };
		F5D9B63C22AF3FD6003ED367 /* WatSwift in Resources */ = {isa = PBXBuildFile; fileRef = F5D9B63B22AF3FD6003ED367 /* WatSwift */; };
		F5D9B64622AF3FEF003ED367 /* WatSwift.framework in Frameworks */ = {isa = PBXBuildFile; fileRef = F5D9B64322AF3FE8003ED367 /* WatSwift.framework */; };
		F5DEF1C522BA3CBD00FC768B /* LocationModel.xcdatamodeld in Sources */ = {isa = PBXBuildFile; fileRef = F5DEF1C322BA3CBD00FC768B /* LocationModel.xcdatamodeld */; };
/* End PBXBuildFile section */

/* Begin PBXContainerItemProxy section */
		F5D9B64222AF3FE8003ED367 /* PBXContainerItemProxy */ = {
			isa = PBXContainerItemProxy;
			containerPortal = F5D9B63D22AF3FE8003ED367 /* WatSwift.xcodeproj */;
			proxyType = 2;
			remoteGlobalIDString = A1C857EB1D3CDE7100CA77C7;
			remoteInfo = WatSwift;
		};
		F5D9B64422AF3FE8003ED367 /* PBXContainerItemProxy */ = {
			isa = PBXContainerItemProxy;
			containerPortal = F5D9B63D22AF3FE8003ED367 /* WatSwift.xcodeproj */;
			proxyType = 2;
			remoteGlobalIDString = A1C857F41D3CDE7100CA77C7;
			remoteInfo = WatSwiftTests;
		};
/* End PBXContainerItemProxy section */

/* Begin PBXCopyFilesBuildPhase section */
		F591FF4022A5017D008EB467 /* Embed Frameworks */ = {
			isa = PBXCopyFilesBuildPhase;
			buildActionMask = 2147483647;
			dstPath = "";
			dstSubfolderSpec = 10;
			files = (
				F534E18022AF40EA002BF9FE /* WatSwift.framework in Embed Frameworks */,
			);
			name = "Embed Frameworks";
			runOnlyForDeploymentPostprocessing = 0;
		};
/* End PBXCopyFilesBuildPhase section */

/* Begin PBXFileReference section */
		5F96F45C25BE606E11538A6D /* Pods_UWParking.framework */ = {isa = PBXFileReference; explicitFileType = wrapper.framework; includeInIndex = 0; path = Pods_UWParking.framework; sourceTree = BUILT_PRODUCTS_DIR; };
		844B4109898B0020CCE57F93 /* Pods-UWParking.debug.xcconfig */ = {isa = PBXFileReference; includeInIndex = 1; lastKnownFileType = text.xcconfig; name = "Pods-UWParking.debug.xcconfig"; path = "Target Support Files/Pods-UWParking/Pods-UWParking.debug.xcconfig"; sourceTree = "<group>"; };
		E5E3E973BC75B9DB5CCF9E39 /* Pods-UWParking.release.xcconfig */ = {isa = PBXFileReference; includeInIndex = 1; lastKnownFileType = text.xcconfig; name = "Pods-UWParking.release.xcconfig"; path = "Target Support Files/Pods-UWParking/Pods-UWParking.release.xcconfig"; sourceTree = "<group>"; };
		F53434FB22B0D55D00B463B7 /* LotLocation.swift */ = {isa = PBXFileReference; fileEncoding = 4; lastKnownFileType = sourcecode.swift; path = LotLocation.swift; sourceTree = "<group>"; };
		F53434FE22B0D55D00B463B7 /* LotLocation.plist */ = {isa = PBXFileReference; fileEncoding = 4; lastKnownFileType = text.plist.xml; path = LotLocation.plist; sourceTree = "<group>"; };
		F534350322B1F45600B463B7 /* LotViews.swift */ = {isa = PBXFileReference; lastKnownFileType = sourcecode.swift; path = LotViews.swift; sourceTree = "<group>"; };
		F54D5F2E22B78AAC006C9406 /* FoldTableView.framework */ = {isa = PBXFileReference; explicitFileType = wrapper.framework; path = FoldTableView.framework; sourceTree = BUILT_PRODUCTS_DIR; };
		F5654E7D22ADFAD500911350 /* MyMapViewController.swift */ = {isa = PBXFileReference; lastKnownFileType = sourcecode.swift; path = MyMapViewController.swift; sourceTree = "<group>"; };
		F56EF13722A4F4400020114C /* UWParking.app */ = {isa = PBXFileReference; explicitFileType = wrapper.application; includeInIndex = 0; path = UWParking.app; sourceTree = BUILT_PRODUCTS_DIR; };
		F56EF13A22A4F4400020114C /* AppDelegate.swift */ = {isa = PBXFileReference; lastKnownFileType = sourcecode.swift; path = AppDelegate.swift; sourceTree = "<group>"; };
		F56EF13C22A4F4400020114C /* ViewController.swift */ = {isa = PBXFileReference; lastKnownFileType = sourcecode.swift; path = ViewController.swift; sourceTree = "<group>"; };
		F56EF13F22A4F4400020114C /* Base */ = {isa = PBXFileReference; lastKnownFileType = file.storyboard; name = Base; path = Base.lproj/Main.storyboard; sourceTree = "<group>"; };
		F56EF14122A4F4410020114C /* Assets.xcassets */ = {isa = PBXFileReference; lastKnownFileType = folder.assetcatalog; path = Assets.xcassets; sourceTree = "<group>"; };
		F56EF14422A4F4410020114C /* Base */ = {isa = PBXFileReference; lastKnownFileType = file.storyboard; name = Base; path = Base.lproj/LaunchScreen.storyboard; sourceTree = "<group>"; };
		F56EF14622A4F4410020114C /* Info.plist */ = {isa = PBXFileReference; lastKnownFileType = text.plist.xml; path = Info.plist; sourceTree = "<group>"; };
		F5BA964322A766E800B69732 /* MyTabBarController.swift */ = {isa = PBXFileReference; lastKnownFileType = sourcecode.swift; path = MyTabBarController.swift; sourceTree = "<group>"; };
		F5BA964622A76DF800B69732 /* MyListViewController.swift */ = {isa = PBXFileReference; lastKnownFileType = sourcecode.swift; path = MyListViewController.swift; sourceTree = "<group>"; };
		F5BADB0122A7BDA600F30236 /* MyHomeViewController.swift */ = {isa = PBXFileReference; fileEncoding = 4; lastKnownFileType = sourcecode.swift; path = MyHomeViewController.swift; sourceTree = "<group>"; };
		F5BC052F22B3A62000A50578 /* MyTableViewCell.swift */ = {isa = PBXFileReference; lastKnownFileType = sourcecode.swift; path = MyTableViewCell.swift; sourceTree = "<group>"; };
		F5BC053022B3A62000A50578 /* MyTableViewCell.xib */ = {isa = PBXFileReference; lastKnownFileType = file.xib; path = MyTableViewCell.xib; sourceTree = "<group>"; };
		F5C1FFDB22AE15390050AA51 /* MapKit.framework */ = {isa = PBXFileReference; lastKnownFileType = wrapper.framework; name = MapKit.framework; path = System/Library/Frameworks/MapKit.framework; sourceTree = SDKROOT; };
		F5C1FFDD22AE190D0050AA51 /* CoreLocation.framework */ = {isa = PBXFileReference; lastKnownFileType = wrapper.framework; name = CoreLocation.framework; path = System/Library/Frameworks/CoreLocation.framework; sourceTree = SDKROOT; };
		F5D9B63B22AF3FD6003ED367 /* WatSwift */ = {isa = PBXFileReference; lastKnownFileType = folder; path = WatSwift; sourceTree = "<group>"; };
		F5D9B63D22AF3FE8003ED367 /* WatSwift.xcodeproj */ = {isa = PBXFileReference; lastKnownFileType = "wrapper.pb-project"; name = WatSwift.xcodeproj; path = "../WatSwift-master/WatSwift.xcodeproj"; sourceTree = "<group>"; };
		F5DEF1C422BA3CBD00FC768B /* LocationModel.xcdatamodel */ = {isa = PBXFileReference; lastKnownFileType = wrapper.xcdatamodel; path = LocationModel.xcdatamodel; sourceTree = "<group>"; };
/* End PBXFileReference section */

/* Begin PBXFrameworksBuildPhase section */
		F56EF13422A4F4400020114C /* Frameworks */ = {
			isa = PBXFrameworksBuildPhase;
			buildActionMask = 2147483647;
			files = (
				F5C1FFDE22AE190D0050AA51 /* CoreLocation.framework in Frameworks */,
				F5C1FFDC22AE153A0050AA51 /* MapKit.framework in Frameworks */,
				F5D9B64622AF3FEF003ED367 /* WatSwift.framework in Frameworks */,
				460877CBF664C0D57C666C7C /* Pods_UWParking.framework in Frameworks */,
			);
			runOnlyForDeploymentPostprocessing = 0;
		};
/* End PBXFrameworksBuildPhase section */

/* Begin PBXGroup section */
		16103891798CBCE7658A5AEA /* Pods */ = {
			isa = PBXGroup;
			children = (
				844B4109898B0020CCE57F93 /* Pods-UWParking.debug.xcconfig */,
				E5E3E973BC75B9DB5CCF9E39 /* Pods-UWParking.release.xcconfig */,
			);
			path = Pods;
			sourceTree = "<group>";
		};
		F56EF12E22A4F4400020114C = {
			isa = PBXGroup;
			children = (
				F5D9B63D22AF3FE8003ED367 /* WatSwift.xcodeproj */,
				F5D9B63B22AF3FD6003ED367 /* WatSwift */,
				F56EF13922A4F4400020114C /* UWParking */,
				F56EF13822A4F4400020114C /* Products */,
				F591FF3A22A50084008EB467 /* Frameworks */,
				16103891798CBCE7658A5AEA /* Pods */,
			);
			sourceTree = "<group>";
		};
		F56EF13822A4F4400020114C /* Products */ = {
			isa = PBXGroup;
			children = (
				F56EF13722A4F4400020114C /* UWParking.app */,
			);
			name = Products;
			sourceTree = "<group>";
		};
		F56EF13922A4F4400020114C /* UWParking */ = {
			isa = PBXGroup;
			children = (
				F53434FE22B0D55D00B463B7 /* LotLocation.plist */,
				F53434FB22B0D55D00B463B7 /* LotLocation.swift */,
				F56EF13A22A4F4400020114C /* AppDelegate.swift */,
				F56EF13C22A4F4400020114C /* ViewController.swift */,
				F56EF13E22A4F4400020114C /* Main.storyboard */,
				F56EF14122A4F4410020114C /* Assets.xcassets */,
				F56EF14322A4F4410020114C /* LaunchScreen.storyboard */,
				F56EF14622A4F4410020114C /* Info.plist */,
				F5BA964322A766E800B69732 /* MyTabBarController.swift */,
				F5BA964622A76DF800B69732 /* MyListViewController.swift */,
				F5BADB0122A7BDA600F30236 /* MyHomeViewController.swift */,
				F5654E7D22ADFAD500911350 /* MyMapViewController.swift */,
				F534350322B1F45600B463B7 /* LotViews.swift */,
				F5BC052F22B3A62000A50578 /* MyTableViewCell.swift */,
				F5BC053022B3A62000A50578 /* MyTableViewCell.xib */,
				F5DEF1C322BA3CBD00FC768B /* LocationModel.xcdatamodeld */,
			);
			path = UWParking;
			sourceTree = "<group>";
		};
		F591FF3A22A50084008EB467 /* Frameworks */ = {
			isa = PBXGroup;
			children = (
				F54D5F2E22B78AAC006C9406 /* FoldTableView.framework */,
				F5C1FFDD22AE190D0050AA51 /* CoreLocation.framework */,
				F5C1FFDB22AE15390050AA51 /* MapKit.framework */,
				5F96F45C25BE606E11538A6D /* Pods_UWParking.framework */,
			);
			name = Frameworks;
			sourceTree = "<group>";
		};
		F5D9B63E22AF3FE8003ED367 /* Products */ = {
			isa = PBXGroup;
			children = (
				F5D9B64322AF3FE8003ED367 /* WatSwift.framework */,
				F5D9B64522AF3FE8003ED367 /* WatSwiftTests.xctest */,
			);
			name = Products;
			sourceTree = "<group>";
		};
/* End PBXGroup section */

/* Begin PBXNativeTarget section */
		F56EF13622A4F4400020114C /* UWParking */ = {
			isa = PBXNativeTarget;
			buildConfigurationList = F56EF14922A4F4410020114C /* Build configuration list for PBXNativeTarget "UWParking" */;
			buildPhases = (
				8FB88169CB66DF1D0C650A65 /* [CP] Check Pods Manifest.lock */,
				F56EF13322A4F4400020114C /* Sources */,
				F56EF13422A4F4400020114C /* Frameworks */,
				F56EF13522A4F4400020114C /* Resources */,
				F591FF4022A5017D008EB467 /* Embed Frameworks */,
				DFED72778FCA6FDD31AB7B43 /* [CP] Embed Pods Frameworks */,
			);
			buildRules = (
			);
			dependencies = (
			);
			name = UWParking;
			productName = UWParking;
			productReference = F56EF13722A4F4400020114C /* UWParking.app */;
			productType = "com.apple.product-type.application";
		};
/* End PBXNativeTarget section */

/* Begin PBXProject section */
		F56EF12F22A4F4400020114C /* Project object */ = {
			isa = PBXProject;
			attributes = {
				LastSwiftUpdateCheck = 1010;
				LastUpgradeCheck = 1010;
				ORGANIZATIONNAME = "Jack Zhang";
				TargetAttributes = {
					F56EF13622A4F4400020114C = {
						CreatedOnToolsVersion = 10.1;
						SystemCapabilities = {
							com.apple.Maps.iOS = {
								enabled = 1;
							};
						};
					};
				};
			};
			buildConfigurationList = F56EF13222A4F4400020114C /* Build configuration list for PBXProject "UWParking" */;
			compatibilityVersion = "Xcode 9.3";
			developmentRegion = en;
			hasScannedForEncodings = 0;
			knownRegions = (
				en,
				Base,
			);
			mainGroup = F56EF12E22A4F4400020114C;
			productRefGroup = F56EF13822A4F4400020114C /* Products */;
			projectDirPath = "";
			projectReferences = (
				{
					ProductGroup = F5D9B63E22AF3FE8003ED367 /* Products */;
					ProjectRef = F5D9B63D22AF3FE8003ED367 /* WatSwift.xcodeproj */;
				},
			);
			projectRoot = "";
			targets = (
				F56EF13622A4F4400020114C /* UWParking */,
			);
		};
/* End PBXProject section */

/* Begin PBXReferenceProxy section */
		F5D9B64322AF3FE8003ED367 /* WatSwift.framework */ = {
			isa = PBXReferenceProxy;
			fileType = wrapper.framework;
			path = WatSwift.framework;
			remoteRef = F5D9B64222AF3FE8003ED367 /* PBXContainerItemProxy */;
			sourceTree = BUILT_PRODUCTS_DIR;
		};
		F5D9B64522AF3FE8003ED367 /* WatSwiftTests.xctest */ = {
			isa = PBXReferenceProxy;
			fileType = wrapper.cfbundle;
			path = WatSwiftTests.xctest;
			remoteRef = F5D9B64422AF3FE8003ED367 /* PBXContainerItemProxy */;
			sourceTree = BUILT_PRODUCTS_DIR;
		};
/* End PBXReferenceProxy section */

/* Begin PBXResourcesBuildPhase section */
		F56EF13522A4F4400020114C /* Resources */ = {
			isa = PBXResourcesBuildPhase;
			buildActionMask = 2147483647;
			files = (
				F56EF14522A4F4410020114C /* LaunchScreen.storyboard in Resources */,
				F5BC053222B3A62000A50578 /* MyTableViewCell.xib in Resources */,
				F534350022B0D55D00B463B7 /* LotLocation.plist in Resources */,
				F5D9B63C22AF3FD6003ED367 /* WatSwift in Resources */,
				F56EF14222A4F4410020114C /* Assets.xcassets in Resources */,
				F56EF14022A4F4400020114C /* Main.storyboard in Resources */,
			);
			runOnlyForDeploymentPostprocessing = 0;
		};
/* End PBXResourcesBuildPhase section */

/* Begin PBXShellScriptBuildPhase section */
		8FB88169CB66DF1D0C650A65 /* [CP] Check Pods Manifest.lock */ = {
			isa = PBXShellScriptBuildPhase;
			buildActionMask = 2147483647;
			files = (
			);
			inputFileListPaths = (
			);
			inputPaths = (
				"${PODS_PODFILE_DIR_PATH}/Podfile.lock",
				"${PODS_ROOT}/Manifest.lock",
			);
			name = "[CP] Check Pods Manifest.lock";
			outputFileListPaths = (
			);
			outputPaths = (
				"$(DERIVED_FILE_DIR)/Pods-UWParking-checkManifestLockResult.txt",
			);
			runOnlyForDeploymentPostprocessing = 0;
			shellPath = /bin/sh;
			shellScript = "diff \"${PODS_PODFILE_DIR_PATH}/Podfile.lock\" \"${PODS_ROOT}/Manifest.lock\" > /dev/null\nif [ $? != 0 ] ; then\n    # print error to STDERR\n    echo \"error: The sandbox is not in sync with the Podfile.lock. Run 'pod install' or update your CocoaPods installation.\" >&2\n    exit 1\nfi\n# This output is used by Xcode 'outputs' to avoid re-running this script phase.\necho \"SUCCESS\" > \"${SCRIPT_OUTPUT_FILE_0}\"\n";
			showEnvVarsInLog = 0;
		};
		DFED72778FCA6FDD31AB7B43 /* [CP] Embed Pods Frameworks */ = {
			isa = PBXShellScriptBuildPhase;
			buildActionMask = 2147483647;
			files = (
			);
			inputFileListPaths = (
				"${PODS_ROOT}/Target Support Files/Pods-UWParking/Pods-UWParking-frameworks-${CONFIGURATION}-input-files.xcfilelist",
			);
			name = "[CP] Embed Pods Frameworks";
			outputFileListPaths = (
				"${PODS_ROOT}/Target Support Files/Pods-UWParking/Pods-UWParking-frameworks-${CONFIGURATION}-output-files.xcfilelist",
			);
			runOnlyForDeploymentPostprocessing = 0;
			shellPath = /bin/sh;
			shellScript = "\"${PODS_ROOT}/Target Support Files/Pods-UWParking/Pods-UWParking-frameworks.sh\"\n";
			showEnvVarsInLog = 0;
		};
/* End PBXShellScriptBuildPhase section */

/* Begin PBXSourcesBuildPhase section */
		F56EF13322A4F4400020114C /* Sources */ = {
			isa = PBXSourcesBuildPhase;
			buildActionMask = 2147483647;
			files = (
				F56EF13D22A4F4400020114C /* ViewController.swift in Sources */,
				F56EF13B22A4F4400020114C /* AppDelegate.swift in Sources */,
				F5BA964722A76DF800B69732 /* MyListViewController.swift in Sources */,
				F53434FF22B0D55D00B463B7 /* LotLocation.swift in Sources */,
				F5654E7E22ADFAD500911350 /* MyMapViewController.swift in Sources */,
				F5BC053122B3A62000A50578 /* MyTableViewCell.swift in Sources */,
				F5BADB0322A7BDA600F30236 /* MyHomeViewController.swift in Sources */,
				F534350422B1F45600B463B7 /* LotViews.swift in Sources */,
				F5DEF1C522BA3CBD00FC768B /* LocationModel.xcdatamodeld in Sources */,
				F5BA964422A766E800B69732 /* MyTabBarController.swift in Sources */,
			);
			runOnlyForDeploymentPostprocessing = 0;
		};
/* End PBXSourcesBuildPhase section */

/* Begin PBXVariantGroup section */
		F56EF13E22A4F4400020114C /* Main.storyboard */ = {
			isa = PBXVariantGroup;
			children = (
				F56EF13F22A4F4400020114C /* Base */,
			);
			name = Main.storyboard;
			sourceTree = "<group>";
			usesTabs = 0;
		};
		F56EF14322A4F4410020114C /* LaunchScreen.storyboard */ = {
			isa = PBXVariantGroup;
			children = (
				F56EF14422A4F4410020114C /* Base */,
			);
			name = LaunchScreen.storyboard;
			sourceTree = "<group>";
		};
/* End PBXVariantGroup section */

/* Begin XCBuildConfiguration section */
		F56EF14722A4F4410020114C /* Debug */ = {
			isa = XCBuildConfiguration;
			buildSettings = {
				ALWAYS_SEARCH_USER_PATHS = NO;
				CLANG_ANALYZER_NONNULL = YES;
				CLANG_ANALYZER_NUMBER_OBJECT_CONVERSION = YES_AGGRESSIVE;
				CLANG_CXX_LANGUAGE_STANDARD = "gnu++14";
				CLANG_CXX_LIBRARY = "libc++";
				CLANG_ENABLE_MODULES = YES;
				CLANG_ENABLE_OBJC_ARC = YES;
				CLANG_ENABLE_OBJC_WEAK = YES;
				CLANG_WARN_BLOCK_CAPTURE_AUTORELEASING = YES;
				CLANG_WARN_BOOL_CONVERSION = YES;
				CLANG_WARN_COMMA = YES;
				CLANG_WARN_CONSTANT_CONVERSION = YES;
				CLANG_WARN_DEPRECATED_OBJC_IMPLEMENTATIONS = YES;
				CLANG_WARN_DIRECT_OBJC_ISA_USAGE = YES_ERROR;
				CLANG_WARN_DOCUMENTATION_COMMENTS = YES;
				CLANG_WARN_EMPTY_BODY = YES;
				CLANG_WARN_ENUM_CONVERSION = YES;
				CLANG_WARN_INFINITE_RECURSION = YES;
				CLANG_WARN_INT_CONVERSION = YES;
				CLANG_WARN_NON_LITERAL_NULL_CONVERSION = YES;
				CLANG_WARN_OBJC_IMPLICIT_RETAIN_SELF = YES;
				CLANG_WARN_OBJC_LITERAL_CONVERSION = YES;
				CLANG_WARN_OBJC_ROOT_CLASS = YES_ERROR;
				CLANG_WARN_RANGE_LOOP_ANALYSIS = YES;
				CLANG_WARN_STRICT_PROTOTYPES = YES;
				CLANG_WARN_SUSPICIOUS_MOVE = YES;
				CLANG_WARN_UNGUARDED_AVAILABILITY = YES_AGGRESSIVE;
				CLANG_WARN_UNREACHABLE_CODE = YES;
				CLANG_WARN__DUPLICATE_METHOD_MATCH = YES;
				CODE_SIGN_IDENTITY = "iPhone Developer";
				COPY_PHASE_STRIP = NO;
				DEBUG_INFORMATION_FORMAT = dwarf;
				ENABLE_STRICT_OBJC_MSGSEND = YES;
				ENABLE_TESTABILITY = YES;
				GCC_C_LANGUAGE_STANDARD = gnu11;
				GCC_DYNAMIC_NO_PIC = NO;
				GCC_NO_COMMON_BLOCKS = YES;
				GCC_OPTIMIZATION_LEVEL = 0;
				GCC_PREPROCESSOR_DEFINITIONS = (
					"DEBUG=1",
					"$(inherited)",
				);
				GCC_WARN_64_TO_32_BIT_CONVERSION = YES;
				GCC_WARN_ABOUT_RETURN_TYPE = YES_ERROR;
				GCC_WARN_UNDECLARED_SELECTOR = YES;
				GCC_WARN_UNINITIALIZED_AUTOS = YES_AGGRESSIVE;
				GCC_WARN_UNUSED_FUNCTION = YES;
				GCC_WARN_UNUSED_VARIABLE = YES;
				IPHONEOS_DEPLOYMENT_TARGET = 12.1;
				MTL_ENABLE_DEBUG_INFO = INCLUDE_SOURCE;
				MTL_FAST_MATH = YES;
				ONLY_ACTIVE_ARCH = YES;
				SDKROOT = iphoneos;
				SWIFT_ACTIVE_COMPILATION_CONDITIONS = DEBUG;
				SWIFT_OPTIMIZATION_LEVEL = "-Onone";
			};
			name = Debug;
		};
		F56EF14822A4F4410020114C /* Release */ = {
			isa = XCBuildConfiguration;
			buildSettings = {
				ALWAYS_SEARCH_USER_PATHS = NO;
				CLANG_ANALYZER_NONNULL = YES;
				CLANG_ANALYZER_NUMBER_OBJECT_CONVERSION = YES_AGGRESSIVE;
				CLANG_CXX_LANGUAGE_STANDARD = "gnu++14";
				CLANG_CXX_LIBRARY = "libc++";
				CLANG_ENABLE_MODULES = YES;
				CLANG_ENABLE_OBJC_ARC = YES;
				CLANG_ENABLE_OBJC_WEAK = YES;
				CLANG_WARN_BLOCK_CAPTURE_AUTORELEASING = YES;
				CLANG_WARN_BOOL_CONVERSION = YES;
				CLANG_WARN_COMMA = YES;
				CLANG_WARN_CONSTANT_CONVERSION = YES;
				CLANG_WARN_DEPRECATED_OBJC_IMPLEMENTATIONS = YES;
				CLANG_WARN_DIRECT_OBJC_ISA_USAGE = YES_ERROR;
				CLANG_WARN_DOCUMENTATION_COMMENTS = YES;
				CLANG_WARN_EMPTY_BODY = YES;
				CLANG_WARN_ENUM_CONVERSION = YES;
				CLANG_WARN_INFINITE_RECURSION = YES;
				CLANG_WARN_INT_CONVERSION = YES;
				CLANG_WARN_NON_LITERAL_NULL_CONVERSION = YES;
				CLANG_WARN_OBJC_IMPLICIT_RETAIN_SELF = YES;
				CLANG_WARN_OBJC_LITERAL_CONVERSION = YES;
				CLANG_WARN_OBJC_ROOT_CLASS = YES_ERROR;
				CLANG_WARN_RANGE_LOOP_ANALYSIS = YES;
				CLANG_WARN_STRICT_PROTOTYPES = YES;
				CLANG_WARN_SUSPICIOUS_MOVE = YES;
				CLANG_WARN_UNGUARDED_AVAILABILITY = YES_AGGRESSIVE;
				CLANG_WARN_UNREACHABLE_CODE = YES;
				CLANG_WARN__DUPLICATE_METHOD_MATCH = YES;
				CODE_SIGN_IDENTITY = "iPhone Developer";
				COPY_PHASE_STRIP = NO;
				DEBUG_INFORMATION_FORMAT = "dwarf-with-dsym";
				ENABLE_NS_ASSERTIONS = NO;
				ENABLE_STRICT_OBJC_MSGSEND = YES;
				GCC_C_LANGUAGE_STANDARD = gnu11;
				GCC_NO_COMMON_BLOCKS = YES;
				GCC_WARN_64_TO_32_BIT_CONVERSION = YES;
				GCC_WARN_ABOUT_RETURN_TYPE = YES_ERROR;
				GCC_WARN_UNDECLARED_SELECTOR = YES;
				GCC_WARN_UNINITIALIZED_AUTOS = YES_AGGRESSIVE;
				GCC_WARN_UNUSED_FUNCTION = YES;
				GCC_WARN_UNUSED_VARIABLE = YES;
				IPHONEOS_DEPLOYMENT_TARGET = 12.1;
				MTL_ENABLE_DEBUG_INFO = NO;
				MTL_FAST_MATH = YES;
				SDKROOT = iphoneos;
				SWIFT_COMPILATION_MODE = wholemodule;
				SWIFT_OPTIMIZATION_LEVEL = "-O";
				VALIDATE_PRODUCT = YES;
			};
			name = Release;
		};
		F56EF14A22A4F4410020114C /* Debug */ = {
			isa = XCBuildConfiguration;
			baseConfigurationReference = 844B4109898B0020CCE57F93 /* Pods-UWParking.debug.xcconfig */;
			buildSettings = {
				ALWAYS_EMBED_SWIFT_STANDARD_LIBRARIES = YES;
				ASSETCATALOG_COMPILER_APPICON_NAME = AppIcon;
				ASSETCATALOG_COMPILER_LAUNCHIMAGE_NAME = LaunchScreenImage;
				CLANG_ALLOW_NON_MODULAR_INCLUDES_IN_FRAMEWORK_MODULES = NO;
				CODE_SIGN_STYLE = Automatic;
				DEVELOPMENT_TEAM = 6PBBSU5BL3;
				INFOPLIST_FILE = UWParking/Info.plist;
				LD_RUNPATH_SEARCH_PATHS = (
					"$(inherited)",
					"@executable_path/Frameworks",
				);
				PRODUCT_BUNDLE_IDENTIFIER = top.jiawenzhang.UWParking;
				PRODUCT_NAME = "$(TARGET_NAME)";
				SWIFT_VERSION = 4.2;
				TARGETED_DEVICE_FAMILY = "1,2";
			};
			name = Debug;
		};
		F56EF14B22A4F4410020114C /* Release */ = {
			isa = XCBuildConfiguration;
			baseConfigurationReference = E5E3E973BC75B9DB5CCF9E39 /* Pods-UWParking.release.xcconfig */;
			buildSettings = {
				ALWAYS_EMBED_SWIFT_STANDARD_LIBRARIES = YES;
				ASSETCATALOG_COMPILER_APPICON_NAME = AppIcon;
				ASSETCATALOG_COMPILER_LAUNCHIMAGE_NAME = LaunchScreenImage;
				CLANG_ALLOW_NON_MODULAR_INCLUDES_IN_FRAMEWORK_MODULES = NO;
				CODE_SIGN_STYLE = Automatic;
				DEVELOPMENT_TEAM = 6PBBSU5BL3;
				INFOPLIST_FILE = UWParking/Info.plist;
				LD_RUNPATH_SEARCH_PATHS = (
					"$(inherited)",
					"@executable_path/Frameworks",
				);
				PRODUCT_BUNDLE_IDENTIFIER = top.jiawenzhang.UWParking;
				PRODUCT_NAME = "$(TARGET_NAME)";
				SWIFT_VERSION = 4.2;
				TARGETED_DEVICE_FAMILY = "1,2";
			};
			name = Release;
		};
/* End XCBuildConfiguration section */

/* Begin XCConfigurationList section */
		F56EF13222A4F4400020114C /* Build configuration list for PBXProject "UWParking" */ = {
			isa = XCConfigurationList;
			buildConfigurations = (
				F56EF14722A4F4410020114C /* Debug */,
				F56EF14822A4F4410020114C /* Release */,
			);
			defaultConfigurationIsVisible = 0;
			defaultConfigurationName = Release;
		};
		F56EF14922A4F4410020114C /* Build configuration list for PBXNativeTarget "UWParking" */ = {
			isa = XCConfigurationList;
			buildConfigurations = (
				F56EF14A22A4F4410020114C /* Debug */,
				F56EF14B22A4F4410020114C /* Release */,
			);
			defaultConfigurationIsVisible = 0;
			defaultConfigurationName = Release;
		};
/* End XCConfigurationList section */

/* Begin XCVersionGroup section */
		F5DEF1C322BA3CBD00FC768B /* LocationModel.xcdatamodeld */ = {
			isa = XCVersionGroup;
			children = (
				F5DEF1C422BA3CBD00FC768B /* LocationModel.xcdatamodel */,
			);
			currentVersion = F5DEF1C422BA3CBD00FC768B /* LocationModel.xcdatamodel */;
			path = LocationModel.xcdatamodeld;
			sourceTree = "<group>";
			versionGroupType = wrapper.xcdatamodel;
		};
/* End XCVersionGroup section */
	};
	rootObject = F56EF12F22A4F4400020114C /* Project object */;
}
